
Microsoft Visual Studio Solution File, Format Version 12.00
# Visual Studio Version 16
VisualStudioVersion = 16.0.31019.35
MinimumVisualStudioVersion = 10.0.40219.1
Project("{8BC9CEB8-8B4A-11D0-8D11-00A0C91BC942}") = "lab_8_1_6", "lab_8_1_6\lab_8_1_6.vcxproj", "{7331F38A-5022-4696-A395-4D9BB3B81DC0}"
EndProject
Project("{8BC9CEB8-8B4A-11D0-8D11-00A0C91BC942}") = "Test", "Test\Test.vcxproj", "{5856739A-5756-434C-84D0-617285B297F3}"
EndProject
Global
	GlobalSection(SolutionConfigurationPlatforms) = preSolution
		Debug|x64 = Debug|x64
		Debug|x86 = Debug|x86
		Release|x64 = Release|x64
		Release|x86 = Release|x86
	EndGlobalSection
	GlobalSection(ProjectConfigurationPlatforms) = postSolution
		{7331F38A-5022-4696-A395-4D9BB3B81DC0}.Debug|x64.ActiveCfg = Debug|x64
		{7331F38A-5022-4696-A395-4D9BB3B81DC0}.Debug|x64.Build.0 = Debug|x64
		{7331F38A-5022-4696-A395-4D9BB3B81DC0}.Debug|x86.ActiveCfg = Debug|Win32
		{7331F38A-5022-4696-A395-4D9BB3B81DC0}.Debug|x86.Build.0 = Debug|Win32
		{7331F38A-5022-4696-A395-4D9BB3B81DC0}.Release|x64.ActiveCfg = Release|x64
		{7331F38A-5022-4696-A395-4D9BB3B81DC0}.Release|x64.Build.0 = Release|x64
		{7331F38A-5022-4696-A395-4D9BB3B81DC0}.Release|x86.ActiveCfg = Release|Win32
		{7331F38A-5022-4696-A395-4D9BB3B81DC0}.Release|x86.Build.0 = Release|Win32
		{5856739A-5756-434C-84D0-617285B297F3}.Debug|x64.ActiveCfg = Debug|x64
		{5856739A-5756-434C-84D0-617285B297F3}.Debug|x64.Build.0 = Debug|x64
		{5856739A-5756-434C-84D0-617285B297F3}.Debug|x86.ActiveCfg = Debug|Win32
		{5856739A-5756-434C-84D0-617285B297F3}.Debug|x86.Build.0 = Debug|Win32
		{5856739A-5756-434C-84D0-617285B297F3}.Release|x64.ActiveCfg = Release|x64
		{5856739A-5756-434C-84D0-617285B297F3}.Release|x64.Build.0 = Release|x64
		{5856739A-5756-434C-84D0-617285B297F3}.Release|x86.ActiveCfg = Release|Win32
		{5856739A-5756-434C-84D0-617285B297F3}.Release|x86.Build.0 = Release|Win32
	EndGlobalSection
	GlobalSection(SolutionProperties) = preSolution
		HideSolutionNode = FALSE
	EndGlobalSection
	GlobalSection(ExtensibilityGlobals) = postSolution
		SolutionGuid = {3A060F7A-0C3E-458D-B72F-A9BC96E2E256}
	EndGlobalSection
EndGlobal
